// !$*UTF8*$!
{
	archiveVersion = 1;
	classes = {
	};
	objectVersion = 77;
	objects = {

/* Begin PBXBuildFile section */
		75A02D792CDA90C80033D464 /* Font+Roboto.swift in Sources */ = {isa = PBXBuildFile; fileRef = 75A02D672CDA90C80033D464 /* Font+Roboto.swift */; };
		75A02D7A2CDA90C80033D464 /* LocalizedStringKey+Empty.swift in Sources */ = {isa = PBXBuildFile; fileRef = 75A02D682CDA90C80033D464 /* LocalizedStringKey+Empty.swift */; };
		75A02D7B2CDA90C80033D464 /* View+BackgroundColor.swift in Sources */ = {isa = PBXBuildFile; fileRef = 75A02D692CDA90C80033D464 /* View+BackgroundColor.swift */; };
		75A02D7C2CDA90C80033D464 /* ContentView.swift in Sources */ = {isa = PBXBuildFile; fileRef = 75A02D732CDA90C80033D464 /* ContentView.swift */; };
		75A02D7D2CDA90C80033D464 /* PrimaryTextField.swift in Sources */ = {isa = PBXBuildFile; fileRef = 75A02D752CDA90C80033D464 /* PrimaryTextField.swift */; };
		75A02D7E2CDA90C80033D464 /* SegmentedControl.swift in Sources */ = {isa = PBXBuildFile; fileRef = 75A02D762CDA90C80033D464 /* SegmentedControl.swift */; };
		75A02D7F2CDA90C80033D464 /* Taro_iOSApp.swift in Sources */ = {isa = PBXBuildFile; fileRef = 75A02D772CDA90C80033D464 /* Taro_iOSApp.swift */; };
		75A02D802CDA90C80033D464 /* Roboto-Bold.ttf in Resources */ = {isa = PBXBuildFile; fileRef = 75A02D6B2CDA90C80033D464 /* Roboto-Bold.ttf */; };
		75A02D812CDA90C80033D464 /* Roboto-Light.ttf in Resources */ = {isa = PBXBuildFile; fileRef = 75A02D6C2CDA90C80033D464 /* Roboto-Light.ttf */; };
		75A02D822CDA90C80033D464 /* Roboto-Medium.ttf in Resources */ = {isa = PBXBuildFile; fileRef = 75A02D6D2CDA90C80033D464 /* Roboto-Medium.ttf */; };
		75A02D832CDA90C80033D464 /* Roboto-Regular.ttf in Resources */ = {isa = PBXBuildFile; fileRef = 75A02D6E2CDA90C80033D464 /* Roboto-Regular.ttf */; };
		75A02D842CDA90C80033D464 /* Preview Assets.xcassets in Resources */ = {isa = PBXBuildFile; fileRef = 75A02D702CDA90C80033D464 /* Preview Assets.xcassets */; };
		75A02D852CDA90C80033D464 /* Assets.xcassets in Resources */ = {isa = PBXBuildFile; fileRef = 75A02D722CDA90C80033D464 /* Assets.xcassets */; };
/* End PBXBuildFile section */

/* Begin PBXFileReference section */
		75A02D192CD936280033D464 /* Taro-iOS.app */ = {isa = PBXFileReference; explicitFileType = wrapper.application; includeInIndex = 0; path = "Taro-iOS.app"; sourceTree = BUILT_PRODUCTS_DIR; };
		75A02D672CDA90C80033D464 /* Font+Roboto.swift */ = {isa = PBXFileReference; lastKnownFileType = sourcecode.swift; path = "Font+Roboto.swift"; sourceTree = "<group>"; };
		75A02D682CDA90C80033D464 /* LocalizedStringKey+Empty.swift */ = {isa = PBXFileReference; lastKnownFileType = sourcecode.swift; path = "LocalizedStringKey+Empty.swift"; sourceTree = "<group>"; };
		75A02D692CDA90C80033D464 /* View+BackgroundColor.swift */ = {isa = PBXFileReference; lastKnownFileType = sourcecode.swift; path = "View+BackgroundColor.swift"; sourceTree = "<group>"; };
		75A02D6B2CDA90C80033D464 /* Roboto-Bold.ttf */ = {isa = PBXFileReference; lastKnownFileType = file; path = "Roboto-Bold.ttf"; sourceTree = "<group>"; };
		75A02D6C2CDA90C80033D464 /* Roboto-Light.ttf */ = {isa = PBXFileReference; lastKnownFileType = file; path = "Roboto-Light.ttf"; sourceTree = "<group>"; };
		75A02D6D2CDA90C80033D464 /* Roboto-Medium.ttf */ = {isa = PBXFileReference; lastKnownFileType = file; path = "Roboto-Medium.ttf"; sourceTree = "<group>"; };
		75A02D6E2CDA90C80033D464 /* Roboto-Regular.ttf */ = {isa = PBXFileReference; lastKnownFileType = file; path = "Roboto-Regular.ttf"; sourceTree = "<group>"; };
		75A02D702CDA90C80033D464 /* Preview Assets.xcassets */ = {isa = PBXFileReference; lastKnownFileType = folder.assetcatalog; path = "Preview Assets.xcassets"; sourceTree = "<group>"; };
		75A02D722CDA90C80033D464 /* Assets.xcassets */ = {isa = PBXFileReference; lastKnownFileType = folder.assetcatalog; path = Assets.xcassets; sourceTree = "<group>"; };
		75A02D732CDA90C80033D464 /* ContentView.swift */ = {isa = PBXFileReference; lastKnownFileType = sourcecode.swift; path = ContentView.swift; sourceTree = "<group>"; };
		75A02D742CDA90C80033D464 /* Info.plist */ = {isa = PBXFileReference; lastKnownFileType = text.plist.xml; path = Info.plist; sourceTree = "<group>"; };
		75A02D752CDA90C80033D464 /* PrimaryTextField.swift */ = {isa = PBXFileReference; lastKnownFileType = sourcecode.swift; path = PrimaryTextField.swift; sourceTree = "<group>"; };
		75A02D762CDA90C80033D464 /* SegmentedControl.swift */ = {isa = PBXFileReference; lastKnownFileType = sourcecode.swift; path = SegmentedControl.swift; sourceTree = "<group>"; };
		75A02D772CDA90C80033D464 /* Taro_iOSApp.swift */ = {isa = PBXFileReference; lastKnownFileType = sourcecode.swift; path = Taro_iOSApp.swift; sourceTree = "<group>"; };
/* End PBXFileReference section */

/* Begin PBXFrameworksBuildPhase section */
		75A02D162CD936280033D464 /* Frameworks */ = {
			isa = PBXFrameworksBuildPhase;
			buildActionMask = 2147483647;
			files = (
			);
			runOnlyForDeploymentPostprocessing = 0;
		};
/* End PBXFrameworksBuildPhase section */

/* Begin PBXGroup section */
		75A02D102CD936280033D464 = {
			isa = PBXGroup;
			children = (
				75A02D782CDA90C80033D464 /* Taro-iOS */,
				75A02D1A2CD936280033D464 /* Products */,
			);
			sourceTree = "<group>";
		};
		75A02D1A2CD936280033D464 /* Products */ = {
			isa = PBXGroup;
			children = (
				75A02D192CD936280033D464 /* Taro-iOS.app */,
			);
			name = Products;
			sourceTree = "<group>";
		};
		75A02D6A2CDA90C80033D464 /* Extensions */ = {
			isa = PBXGroup;
			children = (
				75A02D672CDA90C80033D464 /* Font+Roboto.swift */,
				75A02D682CDA90C80033D464 /* LocalizedStringKey+Empty.swift */,
				75A02D692CDA90C80033D464 /* View+BackgroundColor.swift */,
			);
			path = Extensions;
			sourceTree = "<group>";
		};
		75A02D6F2CDA90C80033D464 /* Font */ = {
			isa = PBXGroup;
			children = (
				75A02D6B2CDA90C80033D464 /* Roboto-Bold.ttf */,
				75A02D6C2CDA90C80033D464 /* Roboto-Light.ttf */,
				75A02D6D2CDA90C80033D464 /* Roboto-Medium.ttf */,
				75A02D6E2CDA90C80033D464 /* Roboto-Regular.ttf */,
			);
			path = Font;
			sourceTree = "<group>";
		};
		75A02D712CDA90C80033D464 /* Preview Content */ = {
			isa = PBXGroup;
			children = (
				75A02D702CDA90C80033D464 /* Preview Assets.xcassets */,
			);
			path = "Preview Content";
			sourceTree = "<group>";
		};
		75A02D782CDA90C80033D464 /* Taro-iOS */ = {
			isa = PBXGroup;
			children = (
				75A02D892CDAA1180033D464 /* App */,
				75A02D732CDA90C80033D464 /* ContentView.swift */,
				75A02D872CDA90D50033D464 /* Componenets */,
				75A02D882CDAA1020033D464 /* Support */,
				75A02D712CDA90C80033D464 /* Preview Content */,
				75A02D742CDA90C80033D464 /* Info.plist */,
			);
			path = "Taro-iOS";
			sourceTree = "<group>";
		};
		75A02D872CDA90D50033D464 /* Componenets */ = {
			isa = PBXGroup;
			children = (
				75A02D752CDA90C80033D464 /* PrimaryTextField.swift */,
				75A02D762CDA90C80033D464 /* SegmentedControl.swift */,
			);
			path = Componenets;
			sourceTree = "<group>";
		};
		75A02D882CDAA1020033D464 /* Support */ = {
			isa = PBXGroup;
			children = (
				75A02D6A2CDA90C80033D464 /* Extensions */,
				75A02D6F2CDA90C80033D464 /* Font */,
				75A02D722CDA90C80033D464 /* Assets.xcassets */,
			);
			path = Support;
			sourceTree = "<group>";
		};
		75A02D892CDAA1180033D464 /* App */ = {
			isa = PBXGroup;
			children = (
				75A02D772CDA90C80033D464 /* Taro_iOSApp.swift */,
			);
			path = App;
			sourceTree = "<group>";
		};
/* End PBXGroup section */

/* Begin PBXNativeTarget section */
		75A02D182CD936280033D464 /* Taro-iOS */ = {
			isa = PBXNativeTarget;
			buildConfigurationList = 75A02D272CD9362B0033D464 /* Build configuration list for PBXNativeTarget "Taro-iOS" */;
			buildPhases = (
				75A02D152CD936280033D464 /* Sources */,
				75A02D162CD936280033D464 /* Frameworks */,
				75A02D172CD936280033D464 /* Resources */,
			);
			buildRules = (
			);
			dependencies = (
			);
			name = "Taro-iOS";
			packageProductDependencies = (
			);
			productName = "Taro-iOS";
			productReference = 75A02D192CD936280033D464 /* Taro-iOS.app */;
			productType = "com.apple.product-type.application";
		};
/* End PBXNativeTarget section */

/* Begin PBXProject section */
		75A02D112CD936280033D464 /* Project object */ = {
			isa = PBXProject;
			attributes = {
				BuildIndependentTargetsInParallel = 1;
				LastSwiftUpdateCheck = 1600;
				LastUpgradeCheck = 1600;
				TargetAttributes = {
					75A02D182CD936280033D464 = {
						CreatedOnToolsVersion = 16.0;
					};
				};
			};
			buildConfigurationList = 75A02D142CD936280033D464 /* Build configuration list for PBXProject "Taro-iOS" */;
			developmentRegion = en;
			hasScannedForEncodings = 0;
			knownRegions = (
				en,
				Base,
			);
			mainGroup = 75A02D102CD936280033D464;
			minimizedProjectReferenceProxies = 1;
			preferredProjectObjectVersion = 77;
			productRefGroup = 75A02D1A2CD936280033D464 /* Products */;
			projectDirPath = "";
			projectRoot = "";
			targets = (
				75A02D182CD936280033D464 /* Taro-iOS */,
			);
		};
/* End PBXProject section */

/* Begin PBXResourcesBuildPhase section */
		75A02D172CD936280033D464 /* Resources */ = {
			isa = PBXResourcesBuildPhase;
			buildActionMask = 2147483647;
			files = (
				75A02D802CDA90C80033D464 /* Roboto-Bold.ttf in Resources */,
				75A02D812CDA90C80033D464 /* Roboto-Light.ttf in Resources */,
				75A02D822CDA90C80033D464 /* Roboto-Medium.ttf in Resources */,
				75A02D832CDA90C80033D464 /* Roboto-Regular.ttf in Resources */,
				75A02D842CDA90C80033D464 /* Preview Assets.xcassets in Resources */,
				75A02D852CDA90C80033D464 /* Assets.xcassets in Resources */,
			);
			runOnlyForDeploymentPostprocessing = 0;
		};
/* End PBXResourcesBuildPhase section */

/* Begin PBXSourcesBuildPhase section */
		75A02D152CD936280033D464 /* Sources */ = {
			isa = PBXSourcesBuildPhase;
			buildActionMask = 2147483647;
			files = (
				75A02D792CDA90C80033D464 /* Font+Roboto.swift in Sources */,
				75A02D7A2CDA90C80033D464 /* LocalizedStringKey+Empty.swift in Sources */,
				75A02D7B2CDA90C80033D464 /* View+BackgroundColor.swift in Sources */,
				75A02D7C2CDA90C80033D464 /* ContentView.swift in Sources */,
				75A02D7D2CDA90C80033D464 /* PrimaryTextField.swift in Sources */,
				75A02D7E2CDA90C80033D464 /* SegmentedControl.swift in Sources */,
				75A02D7F2CDA90C80033D464 /* Taro_iOSApp.swift in Sources */,
			);
			runOnlyForDeploymentPostprocessing = 0;
		};
/* End PBXSourcesBuildPhase section */

/* Begin XCBuildConfiguration section */
		75A02D252CD9362B0033D464 /* Debug */ = {
			isa = XCBuildConfiguration;
			buildSettings = {
				ALWAYS_SEARCH_USER_PATHS = NO;
				ASSETCATALOG_COMPILER_GENERATE_SWIFT_ASSET_SYMBOL_EXTENSIONS = YES;
				CLANG_ANALYZER_NONNULL = YES;
				CLANG_ANALYZER_NUMBER_OBJECT_CONVERSION = YES_AGGRESSIVE;
				CLANG_CXX_LANGUAGE_STANDARD = "gnu++20";
				CLANG_ENABLE_MODULES = YES;
				CLANG_ENABLE_OBJC_ARC = YES;
				CLANG_ENABLE_OBJC_WEAK = YES;
				CLANG_WARN_BLOCK_CAPTURE_AUTORELEASING = YES;
				CLANG_WARN_BOOL_CONVERSION = YES;
				CLANG_WARN_COMMA = YES;
				CLANG_WARN_CONSTANT_CONVERSION = YES;
				CLANG_WARN_DEPRECATED_OBJC_IMPLEMENTATIONS = YES;
				CLANG_WARN_DIRECT_OBJC_ISA_USAGE = YES_ERROR;
				CLANG_WARN_DOCUMENTATION_COMMENTS = YES;
				CLANG_WARN_EMPTY_BODY = YES;
				CLANG_WARN_ENUM_CONVERSION = YES;
				CLANG_WARN_INFINITE_RECURSION = YES;
				CLANG_WARN_INT_CONVERSION = YES;
				CLANG_WARN_NON_LITERAL_NULL_CONVERSION = YES;
				CLANG_WARN_OBJC_IMPLICIT_RETAIN_SELF = YES;
				CLANG_WARN_OBJC_LITERAL_CONVERSION = YES;
				CLANG_WARN_OBJC_ROOT_CLASS = YES_ERROR;
				CLANG_WARN_QUOTED_INCLUDE_IN_FRAMEWORK_HEADER = YES;
				CLANG_WARN_RANGE_LOOP_ANALYSIS = YES;
				CLANG_WARN_STRICT_PROTOTYPES = YES;
				CLANG_WARN_SUSPICIOUS_MOVE = YES;
				CLANG_WARN_UNGUARDED_AVAILABILITY = YES_AGGRESSIVE;
				CLANG_WARN_UNREACHABLE_CODE = YES;
				CLANG_WARN__DUPLICATE_METHOD_MATCH = YES;
				COPY_PHASE_STRIP = NO;
				DEBUG_INFORMATION_FORMAT = dwarf;
				ENABLE_STRICT_OBJC_MSGSEND = YES;
				ENABLE_TESTABILITY = YES;
				ENABLE_USER_SCRIPT_SANDBOXING = YES;
				GCC_C_LANGUAGE_STANDARD = gnu17;
				GCC_DYNAMIC_NO_PIC = NO;
				GCC_NO_COMMON_BLOCKS = YES;
				GCC_OPTIMIZATION_LEVEL = 0;
				GCC_PREPROCESSOR_DEFINITIONS = (
					"DEBUG=1",
					"$(inherited)",
				);
				GCC_WARN_64_TO_32_BIT_CONVERSION = YES;
				GCC_WARN_ABOUT_RETURN_TYPE = YES_ERROR;
				GCC_WARN_UNDECLARED_SELECTOR = YES;
				GCC_WARN_UNINITIALIZED_AUTOS = YES_AGGRESSIVE;
				GCC_WARN_UNUSED_FUNCTION = YES;
				GCC_WARN_UNUSED_VARIABLE = YES;
				IPHONEOS_DEPLOYMENT_TARGET = 18.0;
				LOCALIZATION_PREFERS_STRING_CATALOGS = YES;
				MTL_ENABLE_DEBUG_INFO = INCLUDE_SOURCE;
				MTL_FAST_MATH = YES;
				ONLY_ACTIVE_ARCH = YES;
				SDKROOT = iphoneos;
				SWIFT_ACTIVE_COMPILATION_CONDITIONS = "DEBUG $(inherited)";
				SWIFT_OPTIMIZATION_LEVEL = "-Onone";
			};
			name = Debug;
		};
		75A02D262CD9362B0033D464 /* Release */ = {
			isa = XCBuildConfiguration;
			buildSettings = {
				ALWAYS_SEARCH_USER_PATHS = NO;
				ASSETCATALOG_COMPILER_GENERATE_SWIFT_ASSET_SYMBOL_EXTENSIONS = YES;
				CLANG_ANALYZER_NONNULL = YES;
				CLANG_ANALYZER_NUMBER_OBJECT_CONVERSION = YES_AGGRESSIVE;
				CLANG_CXX_LANGUAGE_STANDARD = "gnu++20";
				CLANG_ENABLE_MODULES = YES;
				CLANG_ENABLE_OBJC_ARC = YES;
				CLANG_ENABLE_OBJC_WEAK = YES;
				CLANG_WARN_BLOCK_CAPTURE_AUTORELEASING = YES;
				CLANG_WARN_BOOL_CONVERSION = YES;
				CLANG_WARN_COMMA = YES;
				CLANG_WARN_CONSTANT_CONVERSION = YES;
				CLANG_WARN_DEPRECATED_OBJC_IMPLEMENTATIONS = YES;
				CLANG_WARN_DIRECT_OBJC_ISA_USAGE = YES_ERROR;
				CLANG_WARN_DOCUMENTATION_COMMENTS = YES;
				CLANG_WARN_EMPTY_BODY = YES;
				CLANG_WARN_ENUM_CONVERSION = YES;
				CLANG_WARN_INFINITE_RECURSION = YES;
				CLANG_WARN_INT_CONVERSION = YES;
				CLANG_WARN_NON_LITERAL_NULL_CONVERSION = YES;
				CLANG_WARN_OBJC_IMPLICIT_RETAIN_SELF = YES;
				CLANG_WARN_OBJC_LITERAL_CONVERSION = YES;
				CLANG_WARN_OBJC_ROOT_CLASS = YES_ERROR;
				CLANG_WARN_QUOTED_INCLUDE_IN_FRAMEWORK_HEADER = YES;
				CLANG_WARN_RANGE_LOOP_ANALYSIS = YES;
				CLANG_WARN_STRICT_PROTOTYPES = YES;
				CLANG_WARN_SUSPICIOUS_MOVE = YES;
				CLANG_WARN_UNGUARDED_AVAILABILITY = YES_AGGRESSIVE;
				CLANG_WARN_UNREACHABLE_CODE = YES;
				CLANG_WARN__DUPLICATE_METHOD_MATCH = YES;
				COPY_PHASE_STRIP = NO;
				DEBUG_INFORMATION_FORMAT = "dwarf-with-dsym";
				ENABLE_NS_ASSERTIONS = NO;
				ENABLE_STRICT_OBJC_MSGSEND = YES;
				ENABLE_USER_SCRIPT_SANDBOXING = YES;
				GCC_C_LANGUAGE_STANDARD = gnu17;
				GCC_NO_COMMON_BLOCKS = YES;
				GCC_WARN_64_TO_32_BIT_CONVERSION = YES;
				GCC_WARN_ABOUT_RETURN_TYPE = YES_ERROR;
				GCC_WARN_UNDECLARED_SELECTOR = YES;
				GCC_WARN_UNINITIALIZED_AUTOS = YES_AGGRESSIVE;
				GCC_WARN_UNUSED_FUNCTION = YES;
				GCC_WARN_UNUSED_VARIABLE = YES;
				IPHONEOS_DEPLOYMENT_TARGET = 18.0;
				LOCALIZATION_PREFERS_STRING_CATALOGS = YES;
				MTL_ENABLE_DEBUG_INFO = NO;
				MTL_FAST_MATH = YES;
				SDKROOT = iphoneos;
				SWIFT_COMPILATION_MODE = wholemodule;
				VALIDATE_PRODUCT = YES;
			};
			name = Release;
		};
		75A02D282CD9362B0033D464 /* Debug */ = {
			isa = XCBuildConfiguration;
			buildSettings = {
				ASSETCATALOG_COMPILER_APPICON_NAME = AppIcon;
				ASSETCATALOG_COMPILER_GLOBAL_ACCENT_COLOR_NAME = AccentColor;
				CODE_SIGN_STYLE = Automatic;
				CURRENT_PROJECT_VERSION = 1;
				DEVELOPMENT_ASSET_PATHS = "\"Taro-iOS/Preview Content\"";
				DEVELOPMENT_TEAM = 69GK54W8ZW;
				ENABLE_PREVIEWS = YES;
				GENERATE_INFOPLIST_FILE = YES;
				INFOPLIST_FILE = "Taro-iOS/Info.plist";
				INFOPLIST_KEY_UIApplicationSceneManifest_Generation = YES;
				INFOPLIST_KEY_UIApplicationSupportsIndirectInputEvents = YES;
				INFOPLIST_KEY_UILaunchScreen_Generation = YES;
				INFOPLIST_KEY_UISupportedInterfaceOrientations_iPad = "UIInterfaceOrientationPortrait UIInterfaceOrientationPortraitUpsideDown UIInterfaceOrientationLandscapeLeft UIInterfaceOrientationLandscapeRight";
				INFOPLIST_KEY_UISupportedInterfaceOrientations_iPhone = UIInterfaceOrientationPortrait;
				IPHONEOS_DEPLOYMENT_TARGET = 16.0;
				LD_RUNPATH_SEARCH_PATHS = (
					"$(inherited)",
					"@executable_path/Frameworks",
				);
				MARKETING_VERSION = 1.0;
				PRODUCT_BUNDLE_IDENTIFIER = "SabaGogrichi1ani.Taro-iOS";
				PRODUCT_NAME = "$(TARGET_NAME)";
				SWIFT_EMIT_LOC_STRINGS = YES;
				SWIFT_VERSION = 5.0;
				TARGETED_DEVICE_FAMILY = "1,2";
			};
			name = Debug;
		};
		75A02D292CD9362B0033D464 /* Release */ = {
			isa = XCBuildConfiguration;
			buildSettings = {
				ASSETCATALOG_COMPILER_APPICON_NAME = AppIcon;
				ASSETCATALOG_COMPILER_GLOBAL_ACCENT_COLOR_NAME = AccentColor;
				CODE_SIGN_STYLE = Automatic;
				CURRENT_PROJECT_VERSION = 1;
				DEVELOPMENT_ASSET_PATHS = "\"Taro-iOS/Preview Content\"";
				DEVELOPMENT_TEAM = 69GK54W8ZW;
				ENABLE_PREVIEWS = YES;
				GENERATE_INFOPLIST_FILE = YES;
				INFOPLIST_FILE = "Taro-iOS/Info.plist";
				INFOPLIST_KEY_UIApplicationSceneManifest_Generation = YES;
				INFOPLIST_KEY_UIApplicationSupportsIndirectInputEvents = YES;
				INFOPLIST_KEY_UILaunchScreen_Generation = YES;
				INFOPLIST_KEY_UISupportedInterfaceOrientations_iPad = "UIInterfaceOrientationPortrait UIInterfaceOrientationPortraitUpsideDown UIInterfaceOrientationLandscapeLeft UIInterfaceOrientationLandscapeRight";
				INFOPLIST_KEY_UISupportedInterfaceOrientations_iPhone = UIInterfaceOrientationPortrait;
				IPHONEOS_DEPLOYMENT_TARGET = 16.0;
				LD_RUNPATH_SEARCH_PATHS = (
					"$(inherited)",
					"@executable_path/Frameworks",
				);
				MARKETING_VERSION = 1.0;
				PRODUCT_BUNDLE_IDENTIFIER = "SabaGogrichi1ani.Taro-iOS";
				PRODUCT_NAME = "$(TARGET_NAME)";
				SWIFT_EMIT_LOC_STRINGS = YES;
				SWIFT_VERSION = 5.0;
				TARGETED_DEVICE_FAMILY = "1,2";
			};
			name = Release;
		};
/* End XCBuildConfiguration section */

/* Begin XCConfigurationList section */
		75A02D142CD936280033D464 /* Build configuration list for PBXProject "Taro-iOS" */ = {
			isa = XCConfigurationList;
			buildConfigurations = (
				75A02D252CD9362B0033D464 /* Debug */,
				75A02D262CD9362B0033D464 /* Release */,
			);
			defaultConfigurationIsVisible = 0;
			defaultConfigurationName = Release;
		};
		75A02D272CD9362B0033D464 /* Build configuration list for PBXNativeTarget "Taro-iOS" */ = {
			isa = XCConfigurationList;
			buildConfigurations = (
				75A02D282CD9362B0033D464 /* Debug */,
				75A02D292CD9362B0033D464 /* Release */,
			);
			defaultConfigurationIsVisible = 0;
			defaultConfigurationName = Release;
		};
/* End XCConfigurationList section */
	};
	rootObject = 75A02D112CD936280033D464 /* Project object */;
}
